github.com/BUCKU/forge-api-go-client v0.1.0 h1:7iMtb0gzMgxPiIfog1L5O8DcVZJvXUmmC8/liSDytyg=
github.com/BUCKU/forge-api-go-client v0.1.0/go.mod h1:5/HRneXXt+Y/sSqrZu/414f6y+O9Tr8Arnfz2D5gP9w=
github.com/apprentice3d/forge-api-go-client v0.1.0 h1:BI6U0GUIbp53r8WMgQ3qt5R6cbUvUfTCjWKFf3KdcvI=
github.com/apprentice3d/forge-api-go-client v0.1.0/go.mod h1:zco+aF8YQfGGXy2anwF73XS9u0THEFgW57i4I3bF9ic=
